
Microsoft Visual Studio Solution File, Format Version 12.00
# Visual Studio 15
VisualStudioVersion = 15.0.26124.0
MinimumVisualStudioVersion = 15.0.26124.0
Project("{FAE04EC0-301F-11D3-BF4B-00C04F79EFBC}") = "Next.ECommerce.Manager", "Next.ECommerce.Manager\Next.ECommerce.Manager.csproj", "{B0A7F4FA-424C-4054-82CF-D10B92777054}"
EndProject
Project("{FAE04EC0-301F-11D3-BF4B-00C04F79EFBC}") = "Next.ECommerce.Domain", "Next.ECommerce.Domain\Next.ECommerce.Domain.csproj", "{B3882CF2-5CB9-4969-A4A7-E6DCC64732D9}"
EndProject
Project("{FAE04EC0-301F-11D3-BF4B-00C04F79EFBC}") = "Next.ECommerce.Persistence", "Next.ECommerce.Persistence\Next.ECommerce.Persistence.csproj", "{62A5BA25-5DC8-4BCA-AEB2-333648887BE9}"
EndProject
Global
	GlobalSection(SolutionConfigurationPlatforms) = preSolution
		Debug|Any CPU = Debug|Any CPU
		Debug|x64 = Debug|x64
		Debug|x86 = Debug|x86
		Release|Any CPU = Release|Any CPU
		Release|x64 = Release|x64
		Release|x86 = Release|x86
	EndGlobalSection
	GlobalSection(SolutionProperties) = preSolution
		HideSolutionNode = FALSE
	EndGlobalSection
	GlobalSection(ProjectConfigurationPlatforms) = postSolution
		{B0A7F4FA-424C-4054-82CF-D10B92777054}.Debug|Any CPU.ActiveCfg = Debug|Any CPU
		{B0A7F4FA-424C-4054-82CF-D10B92777054}.Debug|Any CPU.Build.0 = Debug|Any CPU
		{B0A7F4FA-424C-4054-82CF-D10B92777054}.Debug|x64.ActiveCfg = Debug|Any CPU
		{B0A7F4FA-424C-4054-82CF-D10B92777054}.Debug|x64.Build.0 = Debug|Any CPU
		{B0A7F4FA-424C-4054-82CF-D10B92777054}.Debug|x86.ActiveCfg = Debug|Any CPU
		{B0A7F4FA-424C-4054-82CF-D10B92777054}.Debug|x86.Build.0 = Debug|Any CPU
		{B0A7F4FA-424C-4054-82CF-D10B92777054}.Release|Any CPU.ActiveCfg = Release|Any CPU
		{B0A7F4FA-424C-4054-82CF-D10B92777054}.Release|Any CPU.Build.0 = Release|Any CPU
		{B0A7F4FA-424C-4054-82CF-D10B92777054}.Release|x64.ActiveCfg = Release|Any CPU
		{B0A7F4FA-424C-4054-82CF-D10B92777054}.Release|x64.Build.0 = Release|Any CPU
		{B0A7F4FA-424C-4054-82CF-D10B92777054}.Release|x86.ActiveCfg = Release|Any CPU
		{B0A7F4FA-424C-4054-82CF-D10B92777054}.Release|x86.Build.0 = Release|Any CPU
		{B3882CF2-5CB9-4969-A4A7-E6DCC64732D9}.Debug|Any CPU.ActiveCfg = Debug|Any CPU
		{B3882CF2-5CB9-4969-A4A7-E6DCC64732D9}.Debug|Any CPU.Build.0 = Debug|Any CPU
		{B3882CF2-5CB9-4969-A4A7-E6DCC64732D9}.Debug|x64.ActiveCfg = Debug|Any CPU
		{B3882CF2-5CB9-4969-A4A7-E6DCC64732D9}.Debug|x64.Build.0 = Debug|Any CPU
		{B3882CF2-5CB9-4969-A4A7-E6DCC64732D9}.Debug|x86.ActiveCfg = Debug|Any CPU
		{B3882CF2-5CB9-4969-A4A7-E6DCC64732D9}.Debug|x86.Build.0 = Debug|Any CPU
		{B3882CF2-5CB9-4969-A4A7-E6DCC64732D9}.Release|Any CPU.ActiveCfg = Release|Any CPU
		{B3882CF2-5CB9-4969-A4A7-E6DCC64732D9}.Release|Any CPU.Build.0 = Release|Any CPU
		{B3882CF2-5CB9-4969-A4A7-E6DCC64732D9}.Release|x64.ActiveCfg = Release|Any CPU
		{B3882CF2-5CB9-4969-A4A7-E6DCC64732D9}.Release|x64.Build.0 = Release|Any CPU
		{B3882CF2-5CB9-4969-A4A7-E6DCC64732D9}.Release|x86.ActiveCfg = Release|Any CPU
		{B3882CF2-5CB9-4969-A4A7-E6DCC64732D9}.Release|x86.Build.0 = Release|Any CPU
		{62A5BA25-5DC8-4BCA-AEB2-333648887BE9}.Debug|Any CPU.ActiveCfg = Debug|Any CPU
		{62A5BA25-5DC8-4BCA-AEB2-333648887BE9}.Debug|Any CPU.Build.0 = Debug|Any CPU
		{62A5BA25-5DC8-4BCA-AEB2-333648887BE9}.Debug|x64.ActiveCfg = Debug|Any CPU
		{62A5BA25-5DC8-4BCA-AEB2-333648887BE9}.Debug|x64.Build.0 = Debug|Any CPU
		{62A5BA25-5DC8-4BCA-AEB2-333648887BE9}.Debug|x86.ActiveCfg = Debug|Any CPU
		{62A5BA25-5DC8-4BCA-AEB2-333648887BE9}.Debug|x86.Build.0 = Debug|Any CPU
		{62A5BA25-5DC8-4BCA-AEB2-333648887BE9}.Release|Any CPU.ActiveCfg = Release|Any CPU
		{62A5BA25-5DC8-4BCA-AEB2-333648887BE9}.Release|Any CPU.Build.0 = Release|Any CPU
		{62A5BA25-5DC8-4BCA-AEB2-333648887BE9}.Release|x64.ActiveCfg = Release|Any CPU
		{62A5BA25-5DC8-4BCA-AEB2-333648887BE9}.Release|x64.Build.0 = Release|Any CPU
		{62A5BA25-5DC8-4BCA-AEB2-333648887BE9}.Release|x86.ActiveCfg = Release|Any CPU
		{62A5BA25-5DC8-4BCA-AEB2-333648887BE9}.Release|x86.Build.0 = Release|Any CPU
	EndGlobalSection
EndGlobal
